
Microsoft Visual Studio Solution File, Format Version 11.00
# Visual Studio 2010
Project("{FAE04EC0-301F-11D3-BF4B-00C04F79EFBC}") = "CommandApp", "CommandApp\CommandApp.csproj", "{71A80D4F-63F9-43A0-9E70-903A14AD690F}"
EndProject
Project("{FAE04EC0-301F-11D3-BF4B-00C04F79EFBC}") = "CodeValue.CodeCommander", "CodeValue.CodeCommander\CodeValue.CodeCommander.csproj", "{7DF98769-B32F-43BE-ABBC-679A5391FA32}"
EndProject
Project("{2150E333-8FDC-42A3-9474-1A3956D46DE8}") = "Solution Items", "Solution Items", "{39AC21C6-B225-42EB-BA42-36BFE7A844A6}"
	ProjectSection(SolutionItems) = preProject
		CodeCommander.vsmdi = CodeCommander.vsmdi
		Local.testsettings = Local.testsettings
		TraceAndTestImpact.testsettings = TraceAndTestImpact.testsettings
	EndProjectSection
EndProject
Project("{FAE04EC0-301F-11D3-BF4B-00C04F79EFBC}") = "CodeValue.CodeCommander.Tests", "CodeValue.CodeCommander.Tests\CodeValue.CodeCommander.Tests.csproj", "{13801845-152B-44E1-BC1A-2EFC415F9641}"
EndProject
Project("{2150E333-8FDC-42A3-9474-1A3956D46DE8}") = ".nuget", ".nuget", "{3D0A3F16-4707-490C-A499-3B11DBB1AE19}"
	ProjectSection(SolutionItems) = preProject
		.nuget\NuGet.Config = .nuget\NuGet.Config
		.nuget\nuget.exe = .nuget\nuget.exe
		.nuget\NuGet.targets = .nuget\NuGet.targets
	EndProjectSection
EndProject
Global
	GlobalSection(TestCaseManagementSettings) = postSolution
		CategoryFile = CodeCommander.vsmdi
	EndGlobalSection
	GlobalSection(SolutionConfigurationPlatforms) = preSolution
		Debug|Any CPU = Debug|Any CPU
		Debug|Mixed Platforms = Debug|Mixed Platforms
		Debug|x86 = Debug|x86
		Release|Any CPU = Release|Any CPU
		Release|Mixed Platforms = Release|Mixed Platforms
		Release|x86 = Release|x86
	EndGlobalSection
	GlobalSection(ProjectConfigurationPlatforms) = postSolution
		{71A80D4F-63F9-43A0-9E70-903A14AD690F}.Debug|Any CPU.ActiveCfg = Debug|x86
		{71A80D4F-63F9-43A0-9E70-903A14AD690F}.Debug|Mixed Platforms.ActiveCfg = Debug|x86
		{71A80D4F-63F9-43A0-9E70-903A14AD690F}.Debug|Mixed Platforms.Build.0 = Debug|x86
		{71A80D4F-63F9-43A0-9E70-903A14AD690F}.Debug|x86.ActiveCfg = Debug|x86
		{71A80D4F-63F9-43A0-9E70-903A14AD690F}.Debug|x86.Build.0 = Debug|x86
		{71A80D4F-63F9-43A0-9E70-903A14AD690F}.Release|Any CPU.ActiveCfg = Release|x86
		{71A80D4F-63F9-43A0-9E70-903A14AD690F}.Release|Mixed Platforms.ActiveCfg = Release|x86
		{71A80D4F-63F9-43A0-9E70-903A14AD690F}.Release|Mixed Platforms.Build.0 = Release|x86
		{71A80D4F-63F9-43A0-9E70-903A14AD690F}.Release|x86.ActiveCfg = Release|x86
		{71A80D4F-63F9-43A0-9E70-903A14AD690F}.Release|x86.Build.0 = Release|x86
		{7DF98769-B32F-43BE-ABBC-679A5391FA32}.Debug|Any CPU.ActiveCfg = Debug|Any CPU
		{7DF98769-B32F-43BE-ABBC-679A5391FA32}.Debug|Any CPU.Build.0 = Debug|Any CPU
		{7DF98769-B32F-43BE-ABBC-679A5391FA32}.Debug|Mixed Platforms.ActiveCfg = Debug|Any CPU
		{7DF98769-B32F-43BE-ABBC-679A5391FA32}.Debug|Mixed Platforms.Build.0 = Debug|Any CPU
		{7DF98769-B32F-43BE-ABBC-679A5391FA32}.Debug|x86.ActiveCfg = Debug|Any CPU
		{7DF98769-B32F-43BE-ABBC-679A5391FA32}.Release|Any CPU.ActiveCfg = Release|Any CPU
		{7DF98769-B32F-43BE-ABBC-679A5391FA32}.Release|Any CPU.Build.0 = Release|Any CPU
		{7DF98769-B32F-43BE-ABBC-679A5391FA32}.Release|Mixed Platforms.ActiveCfg = Release|Any CPU
		{7DF98769-B32F-43BE-ABBC-679A5391FA32}.Release|Mixed Platforms.Build.0 = Release|Any CPU
		{7DF98769-B32F-43BE-ABBC-679A5391FA32}.Release|x86.ActiveCfg = Release|Any CPU
		{13801845-152B-44E1-BC1A-2EFC415F9641}.Debug|Any CPU.ActiveCfg = Debug|Any CPU
		{13801845-152B-44E1-BC1A-2EFC415F9641}.Debug|Any CPU.Build.0 = Debug|Any CPU
		{13801845-152B-44E1-BC1A-2EFC415F9641}.Debug|Mixed Platforms.ActiveCfg = Debug|Any CPU
		{13801845-152B-44E1-BC1A-2EFC415F9641}.Debug|Mixed Platforms.Build.0 = Debug|Any CPU
		{13801845-152B-44E1-BC1A-2EFC415F9641}.Debug|x86.ActiveCfg = Debug|Any CPU
		{13801845-152B-44E1-BC1A-2EFC415F9641}.Release|Any CPU.ActiveCfg = Release|Any CPU
		{13801845-152B-44E1-BC1A-2EFC415F9641}.Release|Any CPU.Build.0 = Release|Any CPU
		{13801845-152B-44E1-BC1A-2EFC415F9641}.Release|Mixed Platforms.ActiveCfg = Release|Any CPU
		{13801845-152B-44E1-BC1A-2EFC415F9641}.Release|Mixed Platforms.Build.0 = Release|Any CPU
		{13801845-152B-44E1-BC1A-2EFC415F9641}.Release|x86.ActiveCfg = Release|Any CPU
	EndGlobalSection
	GlobalSection(SolutionProperties) = preSolution
		HideSolutionNode = FALSE
	EndGlobalSection
EndGlobal
